// !$*UTF8*$!
{
	archiveVersion = 1;
	classes = {
	};
	objectVersion = 56;
	objects = {

/* Begin PBXBuildFile section */
		313099B82A5FA9E500B02B37 /* Constant.swift in Sources */ = {isa = PBXBuildFile; fileRef = 313099B72A5FA9E500B02B37 /* Constant.swift */; };
		314630862A6A3297003023C5 /* Hello_Image.framework in Frameworks */ = {isa = PBXBuildFile; fileRef = 314630822A6A2868003023C5 /* Hello_Image.framework */; };
		314630872A6A3297003023C5 /* Hello_Image.framework in Embed Frameworks */ = {isa = PBXBuildFile; fileRef = 314630822A6A2868003023C5 /* Hello_Image.framework */; settings = {ATTRIBUTES = (CodeSignOnCopy, RemoveHeadersOnCopy, ); }; };
		317C73D72A1C696D00734729 /* HTKLoanCalculatorApp.swift in Sources */ = {isa = PBXBuildFile; fileRef = 317C73D62A1C696D00734729 /* HTKLoanCalculatorApp.swift */; };
		317C73D92A1C696E00734729 /* ContentView.swift in Sources */ = {isa = PBXBuildFile; fileRef = 317C73D82A1C696E00734729 /* ContentView.swift */; };
		317C73DB2A1C697D00734729 /* Assets.xcassets in Resources */ = {isa = PBXBuildFile; fileRef = 317C73DA2A1C697D00734729 /* Assets.xcassets */; };
		317C73DE2A1C697D00734729 /* Preview Assets.xcassets in Resources */ = {isa = PBXBuildFile; fileRef = 317C73DD2A1C697D00734729 /* Preview Assets.xcassets */; };
		317C73E02A1C697D00734729 /* Persistence.swift in Sources */ = {isa = PBXBuildFile; fileRef = 317C73DF2A1C697D00734729 /* Persistence.swift */; };
		317C73E32A1C697E00734729 /* HTKLoanCalculator.xcdatamodeld in Sources */ = {isa = PBXBuildFile; fileRef = 317C73E12A1C697E00734729 /* HTKLoanCalculator.xcdatamodeld */; };
		317C73EE2A1C697F00734729 /* HTKLoanCalculatorTests.swift in Sources */ = {isa = PBXBuildFile; fileRef = 317C73ED2A1C697F00734729 /* HTKLoanCalculatorTests.swift */; };
		317C73F82A1C697F00734729 /* HTKLoanCalculatorUITests.swift in Sources */ = {isa = PBXBuildFile; fileRef = 317C73F72A1C697F00734729 /* HTKLoanCalculatorUITests.swift */; };
		317C73FA2A1C697F00734729 /* HTKLoanCalculatorUITestsLaunchTests.swift in Sources */ = {isa = PBXBuildFile; fileRef = 317C73F92A1C697F00734729 /* HTKLoanCalculatorUITestsLaunchTests.swift */; };
		317C74082A1C6C2C00734729 /* MainView.swift in Sources */ = {isa = PBXBuildFile; fileRef = 317C74072A1C6C2C00734729 /* MainView.swift */; };
		317C740A2A1C949300734729 /* DetailView.swift in Sources */ = {isa = PBXBuildFile; fileRef = 317C74092A1C949300734729 /* DetailView.swift */; };
		31BFA6902A43F951009DD72F /* LoanViewModel.swift in Sources */ = {isa = PBXBuildFile; fileRef = 31BFA68F2A43F951009DD72F /* LoanViewModel.swift */; };
		31BFA6922A43FA15009DD72F /* LoanView.swift in Sources */ = {isa = PBXBuildFile; fileRef = 31BFA6912A43FA15009DD72F /* LoanView.swift */; };
		31D3B6732A31912300FC4FF7 /* MapSwiftUIView.swift in Sources */ = {isa = PBXBuildFile; fileRef = 31D3B6722A31912300FC4FF7 /* MapSwiftUIView.swift */; };
		31D3B67B2A31BF9C00FC4FF7 /* vn_htk_watchappApp.swift in Sources */ = {isa = PBXBuildFile; fileRef = 31D3B67A2A31BF9C00FC4FF7 /* vn_htk_watchappApp.swift */; };
		31D3B67D2A31BF9D00FC4FF7 /* ContentView.swift in Sources */ = {isa = PBXBuildFile; fileRef = 31D3B67C2A31BF9D00FC4FF7 /* ContentView.swift */; };
		31D3B67F2A31BFA200FC4FF7 /* Assets.xcassets in Resources */ = {isa = PBXBuildFile; fileRef = 31D3B67E2A31BFA200FC4FF7 /* Assets.xcassets */; };
		31D3B6822A31BFA200FC4FF7 /* Preview Assets.xcassets in Resources */ = {isa = PBXBuildFile; fileRef = 31D3B6812A31BFA200FC4FF7 /* Preview Assets.xcassets */; };
		31F8C53D2A494E5200D58181 /* Constants.swift in Sources */ = {isa = PBXBuildFile; fileRef = 31F8C53C2A494E5200D58181 /* Constants.swift */; };
		31F8C53F2A4950EE00D58181 /* PrincipalDetailView.swift in Sources */ = {isa = PBXBuildFile; fileRef = 31F8C53E2A4950EE00D58181 /* PrincipalDetailView.swift */; };
		31F8C5412A4EB58600D58181 /* ContentViewModel.swift in Sources */ = {isa = PBXBuildFile; fileRef = 31F8C5402A4EB58600D58181 /* ContentViewModel.swift */; };
		31F8C5432A55104E00D58181 /* MapView.swift in Sources */ = {isa = PBXBuildFile; fileRef = 31F8C5422A55104E00D58181 /* MapView.swift */; };
		31F8C5452A55106800D58181 /* TodoView.swift in Sources */ = {isa = PBXBuildFile; fileRef = 31F8C5442A55106800D58181 /* TodoView.swift */; };
		31F8C5472A55107F00D58181 /* VideoView.swift in Sources */ = {isa = PBXBuildFile; fileRef = 31F8C5462A55107F00D58181 /* VideoView.swift */; };
		31F8C5492A55108D00D58181 /* ProfileView.swift in Sources */ = {isa = PBXBuildFile; fileRef = 31F8C5482A55108D00D58181 /* ProfileView.swift */; };
		31F8C54B2A5512E300D58181 /* ImageProcessingView.swift in Sources */ = {isa = PBXBuildFile; fileRef = 31F8C54A2A5512E300D58181 /* ImageProcessingView.swift */; };
/* End PBXBuildFile section */

/* Begin PBXContainerItemProxy section */
		314630812A6A2868003023C5 /* PBXContainerItemProxy */ = {
			isa = PBXContainerItemProxy;
			containerPortal = 3146307C2A6A2867003023C5 /* Hello_Image.xcodeproj */;
			proxyType = 2;
			remoteGlobalIDString = 314630622A6A2866003023C5;
			remoteInfo = Hello_Image;
		};
		314630832A6A2868003023C5 /* PBXContainerItemProxy */ = {
			isa = PBXContainerItemProxy;
			containerPortal = 3146307C2A6A2867003023C5 /* Hello_Image.xcodeproj */;
			proxyType = 2;
			remoteGlobalIDString = 3146306C2A6A2867003023C5;
			remoteInfo = Hello_ImageTests;
		};
		317C73EA2A1C697E00734729 /* PBXContainerItemProxy */ = {
			isa = PBXContainerItemProxy;
			containerPortal = 317C73CB2A1C696D00734729 /* Project object */;
			proxyType = 1;
			remoteGlobalIDString = 317C73D22A1C696D00734729;
			remoteInfo = HTKLoanCalculator;
		};
		317C73F42A1C697F00734729 /* PBXContainerItemProxy */ = {
			isa = PBXContainerItemProxy;
			containerPortal = 317C73CB2A1C696D00734729 /* Project object */;
			proxyType = 1;
			remoteGlobalIDString = 317C73D22A1C696D00734729;
			remoteInfo = HTKLoanCalculator;
		};
/* End PBXContainerItemProxy section */

/* Begin PBXCopyFilesBuildPhase section */
		314630882A6A3297003023C5 /* Embed Frameworks */ = {
			isa = PBXCopyFilesBuildPhase;
			buildActionMask = 2147483647;
			dstPath = "";
			dstSubfolderSpec = 10;
			files = (
				314630872A6A3297003023C5 /* Hello_Image.framework in Embed Frameworks */,
			);
			name = "Embed Frameworks";
			runOnlyForDeploymentPostprocessing = 0;
		};
/* End PBXCopyFilesBuildPhase section */

/* Begin PBXFileReference section */
		313099B72A5FA9E500B02B37 /* Constant.swift */ = {isa = PBXFileReference; lastKnownFileType = sourcecode.swift; path = Constant.swift; sourceTree = "<group>"; };
		3146307C2A6A2867003023C5 /* Hello_Image.xcodeproj */ = {isa = PBXFileReference; lastKnownFileType = "wrapper.pb-project"; name = Hello_Image.xcodeproj; path = Hello_Image/Hello_Image.xcodeproj; sourceTree = "<group>"; };
		317C73D32A1C696D00734729 /* HTKLoanCalculator.app */ = {isa = PBXFileReference; explicitFileType = wrapper.application; includeInIndex = 0; path = HTKLoanCalculator.app; sourceTree = BUILT_PRODUCTS_DIR; };
		317C73D62A1C696D00734729 /* HTKLoanCalculatorApp.swift */ = {isa = PBXFileReference; lastKnownFileType = sourcecode.swift; path = HTKLoanCalculatorApp.swift; sourceTree = "<group>"; };
		317C73D82A1C696E00734729 /* ContentView.swift */ = {isa = PBXFileReference; lastKnownFileType = sourcecode.swift; path = ContentView.swift; sourceTree = "<group>"; };
		317C73DA2A1C697D00734729 /* Assets.xcassets */ = {isa = PBXFileReference; lastKnownFileType = folder.assetcatalog; path = Assets.xcassets; sourceTree = "<group>"; };
		317C73DD2A1C697D00734729 /* Preview Assets.xcassets */ = {isa = PBXFileReference; lastKnownFileType = folder.assetcatalog; path = "Preview Assets.xcassets"; sourceTree = "<group>"; };
		317C73DF2A1C697D00734729 /* Persistence.swift */ = {isa = PBXFileReference; lastKnownFileType = sourcecode.swift; path = Persistence.swift; sourceTree = "<group>"; };
		317C73E22A1C697E00734729 /* HTKLoanCalculator.xcdatamodel */ = {isa = PBXFileReference; lastKnownFileType = wrapper.xcdatamodel; path = HTKLoanCalculator.xcdatamodel; sourceTree = "<group>"; };
		317C73E42A1C697E00734729 /* Info.plist */ = {isa = PBXFileReference; lastKnownFileType = text.plist.xml; path = Info.plist; sourceTree = "<group>"; };
		317C73E92A1C697E00734729 /* HTKLoanCalculatorTests.xctest */ = {isa = PBXFileReference; explicitFileType = wrapper.cfbundle; includeInIndex = 0; path = HTKLoanCalculatorTests.xctest; sourceTree = BUILT_PRODUCTS_DIR; };
		317C73ED2A1C697F00734729 /* HTKLoanCalculatorTests.swift */ = {isa = PBXFileReference; lastKnownFileType = sourcecode.swift; path = HTKLoanCalculatorTests.swift; sourceTree = "<group>"; };
		317C73F32A1C697F00734729 /* HTKLoanCalculatorUITests.xctest */ = {isa = PBXFileReference; explicitFileType = wrapper.cfbundle; includeInIndex = 0; path = HTKLoanCalculatorUITests.xctest; sourceTree = BUILT_PRODUCTS_DIR; };
		317C73F72A1C697F00734729 /* HTKLoanCalculatorUITests.swift */ = {isa = PBXFileReference; lastKnownFileType = sourcecode.swift; path = HTKLoanCalculatorUITests.swift; sourceTree = "<group>"; };
		317C73F92A1C697F00734729 /* HTKLoanCalculatorUITestsLaunchTests.swift */ = {isa = PBXFileReference; lastKnownFileType = sourcecode.swift; path = HTKLoanCalculatorUITestsLaunchTests.swift; sourceTree = "<group>"; };
		317C74072A1C6C2C00734729 /* MainView.swift */ = {isa = PBXFileReference; lastKnownFileType = sourcecode.swift; path = MainView.swift; sourceTree = "<group>"; };
		317C74092A1C949300734729 /* DetailView.swift */ = {isa = PBXFileReference; lastKnownFileType = sourcecode.swift; path = DetailView.swift; sourceTree = "<group>"; };
		31BFA68F2A43F951009DD72F /* LoanViewModel.swift */ = {isa = PBXFileReference; lastKnownFileType = sourcecode.swift; path = LoanViewModel.swift; sourceTree = "<group>"; };
		31BFA6912A43FA15009DD72F /* LoanView.swift */ = {isa = PBXFileReference; lastKnownFileType = sourcecode.swift; path = LoanView.swift; sourceTree = "<group>"; };
		31D3B6722A31912300FC4FF7 /* MapSwiftUIView.swift */ = {isa = PBXFileReference; lastKnownFileType = sourcecode.swift; path = MapSwiftUIView.swift; sourceTree = "<group>"; };
		31D3B6782A31BF9C00FC4FF7 /* vn.htk.watchapp Watch App.app */ = {isa = PBXFileReference; explicitFileType = wrapper.application; includeInIndex = 0; path = "vn.htk.watchapp Watch App.app"; sourceTree = BUILT_PRODUCTS_DIR; };
		31D3B67A2A31BF9C00FC4FF7 /* vn_htk_watchappApp.swift */ = {isa = PBXFileReference; lastKnownFileType = sourcecode.swift; path = vn_htk_watchappApp.swift; sourceTree = "<group>"; };
		31D3B67C2A31BF9D00FC4FF7 /* ContentView.swift */ = {isa = PBXFileReference; lastKnownFileType = sourcecode.swift; path = ContentView.swift; sourceTree = "<group>"; };
		31D3B67E2A31BFA200FC4FF7 /* Assets.xcassets */ = {isa = PBXFileReference; lastKnownFileType = folder.assetcatalog; path = Assets.xcassets; sourceTree = "<group>"; };
		31D3B6812A31BFA200FC4FF7 /* Preview Assets.xcassets */ = {isa = PBXFileReference; lastKnownFileType = folder.assetcatalog; path = "Preview Assets.xcassets"; sourceTree = "<group>"; };
		31D3B6872A31D7EB00FC4FF7 /* MyPackage */ = {isa = PBXFileReference; lastKnownFileType = wrapper; path = MyPackage; sourceTree = "<group>"; };
		31F8C53C2A494E5200D58181 /* Constants.swift */ = {isa = PBXFileReference; lastKnownFileType = sourcecode.swift; path = Constants.swift; sourceTree = "<group>"; };
		31F8C53E2A4950EE00D58181 /* PrincipalDetailView.swift */ = {isa = PBXFileReference; lastKnownFileType = sourcecode.swift; path = PrincipalDetailView.swift; sourceTree = "<group>"; };
		31F8C5402A4EB58600D58181 /* ContentViewModel.swift */ = {isa = PBXFileReference; lastKnownFileType = sourcecode.swift; path = ContentViewModel.swift; sourceTree = "<group>"; };
		31F8C5422A55104E00D58181 /* MapView.swift */ = {isa = PBXFileReference; lastKnownFileType = sourcecode.swift; path = MapView.swift; sourceTree = "<group>"; };
		31F8C5442A55106800D58181 /* TodoView.swift */ = {isa = PBXFileReference; lastKnownFileType = sourcecode.swift; path = TodoView.swift; sourceTree = "<group>"; };
		31F8C5462A55107F00D58181 /* VideoView.swift */ = {isa = PBXFileReference; lastKnownFileType = sourcecode.swift; path = VideoView.swift; sourceTree = "<group>"; };
		31F8C5482A55108D00D58181 /* ProfileView.swift */ = {isa = PBXFileReference; lastKnownFileType = sourcecode.swift; path = ProfileView.swift; sourceTree = "<group>"; };
		31F8C54A2A5512E300D58181 /* ImageProcessingView.swift */ = {isa = PBXFileReference; lastKnownFileType = sourcecode.swift; path = ImageProcessingView.swift; sourceTree = "<group>"; };
/* End PBXFileReference section */

/* Begin PBXFrameworksBuildPhase section */
		317C73D02A1C696D00734729 /* Frameworks */ = {
			isa = PBXFrameworksBuildPhase;
			buildActionMask = 2147483647;
			files = (
				314630862A6A3297003023C5 /* Hello_Image.framework in Frameworks */,
			);
			runOnlyForDeploymentPostprocessing = 0;
		};
		317C73E62A1C697E00734729 /* Frameworks */ = {
			isa = PBXFrameworksBuildPhase;
			buildActionMask = 2147483647;
			files = (
			);
			runOnlyForDeploymentPostprocessing = 0;
		};
		317C73F02A1C697F00734729 /* Frameworks */ = {
			isa = PBXFrameworksBuildPhase;
			buildActionMask = 2147483647;
			files = (
			);
			runOnlyForDeploymentPostprocessing = 0;
		};
		31D3B6752A31BF9C00FC4FF7 /* Frameworks */ = {
			isa = PBXFrameworksBuildPhase;
			buildActionMask = 2147483647;
			files = (
			);
			runOnlyForDeploymentPostprocessing = 0;
		};
/* End PBXFrameworksBuildPhase section */

/* Begin PBXGroup section */
		313099B92A5FB28F00B02B37 /* Loan */ = {
			isa = PBXGroup;
			children = (
				317C74092A1C949300734729 /* DetailView.swift */,
				31BFA6912A43FA15009DD72F /* LoanView.swift */,
				31F8C53E2A4950EE00D58181 /* PrincipalDetailView.swift */,
			);
			path = Loan;
			sourceTree = "<group>";
		};
		313099BA2A5FB2BB00B02B37 /* Map */ = {
			isa = PBXGroup;
			children = (
				31D3B6722A31912300FC4FF7 /* MapSwiftUIView.swift */,
				31F8C5422A55104E00D58181 /* MapView.swift */,
			);
			path = Map;
			sourceTree = "<group>";
		};
		313099BB2A5FB2CB00B02B37 /* ImageProcess */ = {
			isa = PBXGroup;
			children = (
				31F8C54A2A5512E300D58181 /* ImageProcessingView.swift */,
				31F8C5442A55106800D58181 /* TodoView.swift */,
			);
			path = ImageProcess;
			sourceTree = "<group>";
		};
		313099BC2A5FB31A00B02B37 /* VideoFav */ = {
			isa = PBXGroup;
			children = (
				31F8C5462A55107F00D58181 /* VideoView.swift */,
			);
			path = VideoFav;
			sourceTree = "<group>";
		};
		313099BD2A5FB32D00B02B37 /* Profile */ = {
			isa = PBXGroup;
			children = (
				31F8C5482A55108D00D58181 /* ProfileView.swift */,
			);
			path = Profile;
			sourceTree = "<group>";
		};
		3146307D2A6A2867003023C5 /* Products */ = {
			isa = PBXGroup;
			children = (
				314630822A6A2868003023C5 /* Hello_Image.framework */,
				314630842A6A2868003023C5 /* Hello_ImageTests.xctest */,
			);
			name = Products;
			sourceTree = "<group>";
		};
		314630852A6A3297003023C5 /* Frameworks */ = {
			isa = PBXGroup;
			children = (
			);
			name = Frameworks;
			sourceTree = "<group>";
		};
		317C73CA2A1C696D00734729 = {
			isa = PBXGroup;
			children = (
				3146307C2A6A2867003023C5 /* Hello_Image.xcodeproj */,
				31D3B6872A31D7EB00FC4FF7 /* MyPackage */,
				317C73D52A1C696D00734729 /* HTKLoanCalculator */,
				317C73EC2A1C697E00734729 /* HTKLoanCalculatorTests */,
				317C73F62A1C697F00734729 /* HTKLoanCalculatorUITests */,
				31D3B6792A31BF9C00FC4FF7 /* vn.htk.watchapp Watch App */,
				317C73D42A1C696D00734729 /* Products */,
				314630852A6A3297003023C5 /* Frameworks */,
			);
			sourceTree = "<group>";
		};
		317C73D42A1C696D00734729 /* Products */ = {
			isa = PBXGroup;
			children = (
				317C73D32A1C696D00734729 /* HTKLoanCalculator.app */,
				317C73E92A1C697E00734729 /* HTKLoanCalculatorTests.xctest */,
				317C73F32A1C697F00734729 /* HTKLoanCalculatorUITests.xctest */,
				31D3B6782A31BF9C00FC4FF7 /* vn.htk.watchapp Watch App.app */,
			);
			name = Products;
			sourceTree = "<group>";
		};
		317C73D52A1C696D00734729 /* HTKLoanCalculator */ = {
			isa = PBXGroup;
			children = (
				31F8C5512A55150200D58181 /* Config */,
				31F8C5502A5514F300D58181 /* Support */,
				31F8C54F2A5514AB00D58181 /* Data */,
				31F8C54C2A55143600D58181 /* Domain */,
				31F8C53B2A494E2E00D58181 /* Resources */,
				31BFA68E2A43F8F9009DD72F /* ViewModel */,
				31BFA68D2A43F8EF009DD72F /* App */,
				317C74062A1C6C0600734729 /* Scene */,
				317C73D82A1C696E00734729 /* ContentView.swift */,
				317C73DA2A1C697D00734729 /* Assets.xcassets */,
				317C73DF2A1C697D00734729 /* Persistence.swift */,
				317C73E42A1C697E00734729 /* Info.plist */,
				317C73E12A1C697E00734729 /* HTKLoanCalculator.xcdatamodeld */,
				317C73DC2A1C697D00734729 /* Preview Content */,
			);
			path = HTKLoanCalculator;
			sourceTree = "<group>";
		};
		317C73DC2A1C697D00734729 /* Preview Content */ = {
			isa = PBXGroup;
			children = (
				317C73DD2A1C697D00734729 /* Preview Assets.xcassets */,
			);
			path = "Preview Content";
			sourceTree = "<group>";
		};
		317C73EC2A1C697E00734729 /* HTKLoanCalculatorTests */ = {
			isa = PBXGroup;
			children = (
				317C73ED2A1C697F00734729 /* HTKLoanCalculatorTests.swift */,
			);
			path = HTKLoanCalculatorTests;
			sourceTree = "<group>";
		};
		317C73F62A1C697F00734729 /* HTKLoanCalculatorUITests */ = {
			isa = PBXGroup;
			children = (
				317C73F72A1C697F00734729 /* HTKLoanCalculatorUITests.swift */,
				317C73F92A1C697F00734729 /* HTKLoanCalculatorUITestsLaunchTests.swift */,
			);
			path = HTKLoanCalculatorUITests;
			sourceTree = "<group>";
		};
		317C74062A1C6C0600734729 /* Scene */ = {
			isa = PBXGroup;
			children = (
				313099BD2A5FB32D00B02B37 /* Profile */,
				313099BC2A5FB31A00B02B37 /* VideoFav */,
				313099BB2A5FB2CB00B02B37 /* ImageProcess */,
				313099BA2A5FB2BB00B02B37 /* Map */,
				313099B92A5FB28F00B02B37 /* Loan */,
			);
			path = Scene;
			sourceTree = "<group>";
		};
		31BFA68D2A43F8EF009DD72F /* App */ = {
			isa = PBXGroup;
			children = (
				317C74072A1C6C2C00734729 /* MainView.swift */,
				317C73D62A1C696D00734729 /* HTKLoanCalculatorApp.swift */,
			);
			path = App;
			sourceTree = "<group>";
		};
		31BFA68E2A43F8F9009DD72F /* ViewModel */ = {
			isa = PBXGroup;
			children = (
				31BFA68F2A43F951009DD72F /* LoanViewModel.swift */,
			);
			path = ViewModel;
			sourceTree = "<group>";
		};
		31D3B6792A31BF9C00FC4FF7 /* vn.htk.watchapp Watch App */ = {
			isa = PBXGroup;
			children = (
				31D3B67A2A31BF9C00FC4FF7 /* vn_htk_watchappApp.swift */,
				31D3B67C2A31BF9D00FC4FF7 /* ContentView.swift */,
				31D3B67E2A31BFA200FC4FF7 /* Assets.xcassets */,
				31D3B6802A31BFA200FC4FF7 /* Preview Content */,
				31F8C5402A4EB58600D58181 /* ContentViewModel.swift */,
			);
			path = "vn.htk.watchapp Watch App";
			sourceTree = "<group>";
		};
		31D3B6802A31BFA200FC4FF7 /* Preview Content */ = {
			isa = PBXGroup;
			children = (
				31D3B6812A31BFA200FC4FF7 /* Preview Assets.xcassets */,
			);
			path = "Preview Content";
			sourceTree = "<group>";
		};
		31F8C53B2A494E2E00D58181 /* Resources */ = {
			isa = PBXGroup;
			children = (
				31F8C53C2A494E5200D58181 /* Constants.swift */,
			);
			path = Resources;
			sourceTree = "<group>";
		};
		31F8C54C2A55143600D58181 /* Domain */ = {
			isa = PBXGroup;
			children = (
				31F8C54E2A55146700D58181 /* Entities */,
				31F8C54D2A55144F00D58181 /* UseCases */,
			);
			path = Domain;
			sourceTree = "<group>";
		};
		31F8C54D2A55144F00D58181 /* UseCases */ = {
			isa = PBXGroup;
			children = (
			);
			path = UseCases;
			sourceTree = "<group>";
		};
		31F8C54E2A55146700D58181 /* Entities */ = {
			isa = PBXGroup;
			children = (
			);
			path = Entities;
			sourceTree = "<group>";
		};
		31F8C54F2A5514AB00D58181 /* Data */ = {
			isa = PBXGroup;
			children = (
			);
			path = Data;
			sourceTree = "<group>";
		};
		31F8C5502A5514F300D58181 /* Support */ = {
			isa = PBXGroup;
			children = (
			);
			path = Support;
			sourceTree = "<group>";
		};
		31F8C5512A55150200D58181 /* Config */ = {
			isa = PBXGroup;
			children = (
				313099B72A5FA9E500B02B37 /* Constant.swift */,
			);
			path = Config;
			sourceTree = "<group>";
		};
/* End PBXGroup section */

/* Begin PBXNativeTarget section */
		317C73D22A1C696D00734729 /* HTKLoanCalculator */ = {
			isa = PBXNativeTarget;
			buildConfigurationList = 317C73FD2A1C697F00734729 /* Build configuration list for PBXNativeTarget "HTKLoanCalculator" */;
			buildPhases = (
				317C73CF2A1C696D00734729 /* Sources */,
				317C73D02A1C696D00734729 /* Frameworks */,
				317C73D12A1C696D00734729 /* Resources */,
				314630882A6A3297003023C5 /* Embed Frameworks */,
			);
			buildRules = (
			);
			dependencies = (
			);
			name = HTKLoanCalculator;
			productName = HTKLoanCalculator;
			productReference = 317C73D32A1C696D00734729 /* HTKLoanCalculator.app */;
			productType = "com.apple.product-type.application";
		};
		317C73E82A1C697E00734729 /* HTKLoanCalculatorTests */ = {
			isa = PBXNativeTarget;
			buildConfigurationList = 317C74002A1C697F00734729 /* Build configuration list for PBXNativeTarget "HTKLoanCalculatorTests" */;
			buildPhases = (
				317C73E52A1C697E00734729 /* Sources */,
				317C73E62A1C697E00734729 /* Frameworks */,
				317C73E72A1C697E00734729 /* Resources */,
			);
			buildRules = (
			);
			dependencies = (
				317C73EB2A1C697E00734729 /* PBXTargetDependency */,
			);
			name = HTKLoanCalculatorTests;
			productName = HTKLoanCalculatorTests;
			productReference = 317C73E92A1C697E00734729 /* HTKLoanCalculatorTests.xctest */;
			productType = "com.apple.product-type.bundle.unit-test";
		};
		317C73F22A1C697F00734729 /* HTKLoanCalculatorUITests */ = {
			isa = PBXNativeTarget;
			buildConfigurationList = 317C74032A1C697F00734729 /* Build configuration list for PBXNativeTarget "HTKLoanCalculatorUITests" */;
			buildPhases = (
				317C73EF2A1C697F00734729 /* Sources */,
				317C73F02A1C697F00734729 /* Frameworks */,
				317C73F12A1C697F00734729 /* Resources */,
			);
			buildRules = (
			);
			dependencies = (
				317C73F52A1C697F00734729 /* PBXTargetDependency */,
			);
			name = HTKLoanCalculatorUITests;
			productName = HTKLoanCalculatorUITests;
			productReference = 317C73F32A1C697F00734729 /* HTKLoanCalculatorUITests.xctest */;
			productType = "com.apple.product-type.bundle.ui-testing";
		};
		31D3B6772A31BF9C00FC4FF7 /* vn.htk.watchapp Watch App */ = {
			isa = PBXNativeTarget;
			buildConfigurationList = 31D3B6832A31BFA200FC4FF7 /* Build configuration list for PBXNativeTarget "vn.htk.watchapp Watch App" */;
			buildPhases = (
				31D3B6742A31BF9C00FC4FF7 /* Sources */,
				31D3B6752A31BF9C00FC4FF7 /* Frameworks */,
				31D3B6762A31BF9C00FC4FF7 /* Resources */,
			);
			buildRules = (
			);
			dependencies = (
			);
			name = "vn.htk.watchapp Watch App";
			productName = "vn.htk.watchapp Watch App";
			productReference = 31D3B6782A31BF9C00FC4FF7 /* vn.htk.watchapp Watch App.app */;
			productType = "com.apple.product-type.application";
		};
/* End PBXNativeTarget section */

/* Begin PBXProject section */
		317C73CB2A1C696D00734729 /* Project object */ = {
			isa = PBXProject;
			attributes = {
				BuildIndependentTargetsInParallel = 1;
				LastSwiftUpdateCheck = 1420;
				LastUpgradeCheck = 1420;
				TargetAttributes = {
					317C73D22A1C696D00734729 = {
						CreatedOnToolsVersion = 14.2;
					};
					317C73E82A1C697E00734729 = {
						CreatedOnToolsVersion = 14.2;
						TestTargetID = 317C73D22A1C696D00734729;
					};
					317C73F22A1C697F00734729 = {
						CreatedOnToolsVersion = 14.2;
						TestTargetID = 317C73D22A1C696D00734729;
					};
					31D3B6772A31BF9C00FC4FF7 = {
						CreatedOnToolsVersion = 14.2;
					};
				};
			};
			buildConfigurationList = 317C73CE2A1C696D00734729 /* Build configuration list for PBXProject "HTKLoanCalculator" */;
			compatibilityVersion = "Xcode 14.0";
			developmentRegion = en;
			hasScannedForEncodings = 0;
			knownRegions = (
				en,
				Base,
			);
			mainGroup = 317C73CA2A1C696D00734729;
			productRefGroup = 317C73D42A1C696D00734729 /* Products */;
			projectDirPath = "";
			projectReferences = (
				{
					ProductGroup = 3146307D2A6A2867003023C5 /* Products */;
					ProjectRef = 3146307C2A6A2867003023C5 /* Hello_Image.xcodeproj */;
				},
			);
			projectRoot = "";
			targets = (
				317C73D22A1C696D00734729 /* HTKLoanCalculator */,
				317C73E82A1C697E00734729 /* HTKLoanCalculatorTests */,
				317C73F22A1C697F00734729 /* HTKLoanCalculatorUITests */,
				31D3B6772A31BF9C00FC4FF7 /* vn.htk.watchapp Watch App */,
			);
		};
/* End PBXProject section */

/* Begin PBXReferenceProxy section */
		314630822A6A2868003023C5 /* Hello_Image.framework */ = {
			isa = PBXReferenceProxy;
			fileType = wrapper.framework;
			path = Hello_Image.framework;
			remoteRef = 314630812A6A2868003023C5 /* PBXContainerItemProxy */;
			sourceTree = BUILT_PRODUCTS_DIR;
		};
		314630842A6A2868003023C5 /* Hello_ImageTests.xctest */ = {
			isa = PBXReferenceProxy;
			fileType = wrapper.cfbundle;
			path = Hello_ImageTests.xctest;
			remoteRef = 314630832A6A2868003023C5 /* PBXContainerItemProxy */;
			sourceTree = BUILT_PRODUCTS_DIR;
		};
/* End PBXReferenceProxy section */

/* Begin PBXResourcesBuildPhase section */
		317C73D12A1C696D00734729 /* Resources */ = {
			isa = PBXResourcesBuildPhase;
			buildActionMask = 2147483647;
			files = (
				317C73DE2A1C697D00734729 /* Preview Assets.xcassets in Resources */,
				317C73DB2A1C697D00734729 /* Assets.xcassets in Resources */,
			);
			runOnlyForDeploymentPostprocessing = 0;
		};
		317C73E72A1C697E00734729 /* Resources */ = {
			isa = PBXResourcesBuildPhase;
			buildActionMask = 2147483647;
			files = (
			);
			runOnlyForDeploymentPostprocessing = 0;
		};
		317C73F12A1C697F00734729 /* Resources */ = {
			isa = PBXResourcesBuildPhase;
			buildActionMask = 2147483647;
			files = (
			);
			runOnlyForDeploymentPostprocessing = 0;
		};
		31D3B6762A31BF9C00FC4FF7 /* Resources */ = {
			isa = PBXResourcesBuildPhase;
			buildActionMask = 2147483647;
			files = (
				31D3B6822A31BFA200FC4FF7 /* Preview Assets.xcassets in Resources */,
				31D3B67F2A31BFA200FC4FF7 /* Assets.xcassets in Resources */,
			);
			runOnlyForDeploymentPostprocessing = 0;
		};
/* End PBXResourcesBuildPhase section */

/* Begin PBXSourcesBuildPhase section */
		317C73CF2A1C696D00734729 /* Sources */ = {
			isa = PBXSourcesBuildPhase;
			buildActionMask = 2147483647;
			files = (
				317C73E02A1C697D00734729 /* Persistence.swift in Sources */,
				313099B82A5FA9E500B02B37 /* Constant.swift in Sources */,
				31F8C5432A55104E00D58181 /* MapView.swift in Sources */,
				31F8C5452A55106800D58181 /* TodoView.swift in Sources */,
				317C740A2A1C949300734729 /* DetailView.swift in Sources */,
				31BFA6922A43FA15009DD72F /* LoanView.swift in Sources */,
				31D3B6732A31912300FC4FF7 /* MapSwiftUIView.swift in Sources */,
				317C73E32A1C697E00734729 /* HTKLoanCalculator.xcdatamodeld in Sources */,
				31F8C5492A55108D00D58181 /* ProfileView.swift in Sources */,
				31F8C53D2A494E5200D58181 /* Constants.swift in Sources */,
				31F8C5472A55107F00D58181 /* VideoView.swift in Sources */,
				31F8C53F2A4950EE00D58181 /* PrincipalDetailView.swift in Sources */,
				317C73D92A1C696E00734729 /* ContentView.swift in Sources */,
				317C74082A1C6C2C00734729 /* MainView.swift in Sources */,
				317C73D72A1C696D00734729 /* HTKLoanCalculatorApp.swift in Sources */,
				31BFA6902A43F951009DD72F /* LoanViewModel.swift in Sources */,
				31F8C54B2A5512E300D58181 /* ImageProcessingView.swift in Sources */,
			);
			runOnlyForDeploymentPostprocessing = 0;
		};
		317C73E52A1C697E00734729 /* Sources */ = {
			isa = PBXSourcesBuildPhase;
			buildActionMask = 2147483647;
			files = (
				317C73EE2A1C697F00734729 /* HTKLoanCalculatorTests.swift in Sources */,
			);
			runOnlyForDeploymentPostprocessing = 0;
		};
		317C73EF2A1C697F00734729 /* Sources */ = {
			isa = PBXSourcesBuildPhase;
			buildActionMask = 2147483647;
			files = (
				317C73FA2A1C697F00734729 /* HTKLoanCalculatorUITestsLaunchTests.swift in Sources */,
				317C73F82A1C697F00734729 /* HTKLoanCalculatorUITests.swift in Sources */,
			);
			runOnlyForDeploymentPostprocessing = 0;
		};
		31D3B6742A31BF9C00FC4FF7 /* Sources */ = {
			isa = PBXSourcesBuildPhase;
			buildActionMask = 2147483647;
			files = (
				31D3B67D2A31BF9D00FC4FF7 /* ContentView.swift in Sources */,
				31D3B67B2A31BF9C00FC4FF7 /* vn_htk_watchappApp.swift in Sources */,
				31F8C5412A4EB58600D58181 /* ContentViewModel.swift in Sources */,
			);
			runOnlyForDeploymentPostprocessing = 0;
		};
/* End PBXSourcesBuildPhase section */

/* Begin PBXTargetDependency section */
		317C73EB2A1C697E00734729 /* PBXTargetDependency */ = {
			isa = PBXTargetDependency;
			target = 317C73D22A1C696D00734729 /* HTKLoanCalculator */;
			targetProxy = 317C73EA2A1C697E00734729 /* PBXContainerItemProxy */;
		};
		317C73F52A1C697F00734729 /* PBXTargetDependency */ = {
			isa = PBXTargetDependency;
			target = 317C73D22A1C696D00734729 /* HTKLoanCalculator */;
			targetProxy = 317C73F42A1C697F00734729 /* PBXContainerItemProxy */;
		};
/* End PBXTargetDependency section */

/* Begin XCBuildConfiguration section */
		317C73FB2A1C697F00734729 /* Debug */ = {
			isa = XCBuildConfiguration;
			buildSettings = {
				ALWAYS_EMBED_SWIFT_STANDARD_LIBRARIES = YES;
				ALWAYS_SEARCH_USER_PATHS = NO;
				CLANG_ANALYZER_NONNULL = YES;
				CLANG_ANALYZER_NUMBER_OBJECT_CONVERSION = YES_AGGRESSIVE;
				CLANG_CXX_LANGUAGE_STANDARD = "gnu++20";
				CLANG_ENABLE_MODULES = YES;
				CLANG_ENABLE_OBJC_ARC = YES;
				CLANG_ENABLE_OBJC_WEAK = YES;
				CLANG_WARN_BLOCK_CAPTURE_AUTORELEASING = YES;
				CLANG_WARN_BOOL_CONVERSION = YES;
				CLANG_WARN_COMMA = YES;
				CLANG_WARN_CONSTANT_CONVERSION = YES;
				CLANG_WARN_DEPRECATED_OBJC_IMPLEMENTATIONS = YES;
				CLANG_WARN_DIRECT_OBJC_ISA_USAGE = YES_ERROR;
				CLANG_WARN_DOCUMENTATION_COMMENTS = YES;
				CLANG_WARN_EMPTY_BODY = YES;
				CLANG_WARN_ENUM_CONVERSION = YES;
				CLANG_WARN_INFINITE_RECURSION = YES;
				CLANG_WARN_INT_CONVERSION = YES;
				CLANG_WARN_NON_LITERAL_NULL_CONVERSION = YES;
				CLANG_WARN_OBJC_IMPLICIT_RETAIN_SELF = YES;
				CLANG_WARN_OBJC_LITERAL_CONVERSION = YES;
				CLANG_WARN_OBJC_ROOT_CLASS = YES_ERROR;
				CLANG_WARN_QUOTED_INCLUDE_IN_FRAMEWORK_HEADER = YES;
				CLANG_WARN_RANGE_LOOP_ANALYSIS = YES;
				CLANG_WARN_STRICT_PROTOTYPES = YES;
				CLANG_WARN_SUSPICIOUS_MOVE = YES;
				CLANG_WARN_UNGUARDED_AVAILABILITY = YES_AGGRESSIVE;
				CLANG_WARN_UNREACHABLE_CODE = YES;
				CLANG_WARN__DUPLICATE_METHOD_MATCH = YES;
				COPY_PHASE_STRIP = NO;
				DEBUG_INFORMATION_FORMAT = dwarf;
				ENABLE_STRICT_OBJC_MSGSEND = YES;
				ENABLE_TESTABILITY = YES;
				GCC_C_LANGUAGE_STANDARD = gnu11;
				GCC_DYNAMIC_NO_PIC = NO;
				GCC_NO_COMMON_BLOCKS = YES;
				GCC_OPTIMIZATION_LEVEL = 0;
				GCC_PREPROCESSOR_DEFINITIONS = (
					"DEBUG=1",
					"$(inherited)",
				);
				GCC_WARN_64_TO_32_BIT_CONVERSION = YES;
				GCC_WARN_ABOUT_RETURN_TYPE = YES_ERROR;
				GCC_WARN_UNDECLARED_SELECTOR = YES;
				GCC_WARN_UNINITIALIZED_AUTOS = YES_AGGRESSIVE;
				GCC_WARN_UNUSED_FUNCTION = YES;
				GCC_WARN_UNUSED_VARIABLE = YES;
				IPHONEOS_DEPLOYMENT_TARGET = 15.0;
				MTL_ENABLE_DEBUG_INFO = INCLUDE_SOURCE;
				MTL_FAST_MATH = YES;
				ONLY_ACTIVE_ARCH = NO;
				SDKROOT = iphoneos;
				SWIFT_ACTIVE_COMPILATION_CONDITIONS = DEBUG;
				SWIFT_OPTIMIZATION_LEVEL = "-Onone";
			};
			name = Debug;
		};
		317C73FC2A1C697F00734729 /* Release */ = {
			isa = XCBuildConfiguration;
			buildSettings = {
				ALWAYS_EMBED_SWIFT_STANDARD_LIBRARIES = YES;
				ALWAYS_SEARCH_USER_PATHS = NO;
				CLANG_ANALYZER_NONNULL = YES;
				CLANG_ANALYZER_NUMBER_OBJECT_CONVERSION = YES_AGGRESSIVE;
				CLANG_CXX_LANGUAGE_STANDARD = "gnu++20";
				CLANG_ENABLE_MODULES = YES;
				CLANG_ENABLE_OBJC_ARC = YES;
				CLANG_ENABLE_OBJC_WEAK = YES;
				CLANG_WARN_BLOCK_CAPTURE_AUTORELEASING = YES;
				CLANG_WARN_BOOL_CONVERSION = YES;
				CLANG_WARN_COMMA = YES;
				CLANG_WARN_CONSTANT_CONVERSION = YES;
				CLANG_WARN_DEPRECATED_OBJC_IMPLEMENTATIONS = YES;
				CLANG_WARN_DIRECT_OBJC_ISA_USAGE = YES_ERROR;
				CLANG_WARN_DOCUMENTATION_COMMENTS = YES;
				CLANG_WARN_EMPTY_BODY = YES;
				CLANG_WARN_ENUM_CONVERSION = YES;
				CLANG_WARN_INFINITE_RECURSION = YES;
				CLANG_WARN_INT_CONVERSION = YES;
				CLANG_WARN_NON_LITERAL_NULL_CONVERSION = YES;
				CLANG_WARN_OBJC_IMPLICIT_RETAIN_SELF = YES;
				CLANG_WARN_OBJC_LITERAL_CONVERSION = YES;
				CLANG_WARN_OBJC_ROOT_CLASS = YES_ERROR;
				CLANG_WARN_QUOTED_INCLUDE_IN_FRAMEWORK_HEADER = YES;
				CLANG_WARN_RANGE_LOOP_ANALYSIS = YES;
				CLANG_WARN_STRICT_PROTOTYPES = YES;
				CLANG_WARN_SUSPICIOUS_MOVE = YES;
				CLANG_WARN_UNGUARDED_AVAILABILITY = YES_AGGRESSIVE;
				CLANG_WARN_UNREACHABLE_CODE = YES;
				CLANG_WARN__DUPLICATE_METHOD_MATCH = YES;
				COPY_PHASE_STRIP = NO;
				DEBUG_INFORMATION_FORMAT = "dwarf-with-dsym";
				ENABLE_NS_ASSERTIONS = NO;
				ENABLE_STRICT_OBJC_MSGSEND = YES;
				GCC_C_LANGUAGE_STANDARD = gnu11;
				GCC_NO_COMMON_BLOCKS = YES;
				GCC_WARN_64_TO_32_BIT_CONVERSION = YES;
				GCC_WARN_ABOUT_RETURN_TYPE = YES_ERROR;
				GCC_WARN_UNDECLARED_SELECTOR = YES;
				GCC_WARN_UNINITIALIZED_AUTOS = YES_AGGRESSIVE;
				GCC_WARN_UNUSED_FUNCTION = YES;
				GCC_WARN_UNUSED_VARIABLE = YES;
				IPHONEOS_DEPLOYMENT_TARGET = 15.0;
				MTL_ENABLE_DEBUG_INFO = NO;
				MTL_FAST_MATH = YES;
				SDKROOT = iphoneos;
				SWIFT_COMPILATION_MODE = wholemodule;
				SWIFT_OPTIMIZATION_LEVEL = "-O";
				VALIDATE_PRODUCT = YES;
			};
			name = Release;
		};
		317C73FE2A1C697F00734729 /* Debug */ = {
			isa = XCBuildConfiguration;
			buildSettings = {
				ASSETCATALOG_COMPILER_APPICON_NAME = AppIcon;
				ASSETCATALOG_COMPILER_GLOBAL_ACCENT_COLOR_NAME = AccentColor;
				CODE_SIGN_STYLE = Automatic;
				CURRENT_PROJECT_VERSION = 1;
				DEVELOPMENT_ASSET_PATHS = "\"HTKLoanCalculator/Preview Content\"";
				ENABLE_PREVIEWS = YES;
				EXCLUDED_ARCHS = arm64;
				GENERATE_INFOPLIST_FILE = YES;
				INFOPLIST_KEY_CFBundleDisplayName = "HTK App";
				INFOPLIST_KEY_UIApplicationSceneManifest_Generation = YES;
				INFOPLIST_KEY_UIApplicationSupportsIndirectInputEvents = YES;
				INFOPLIST_KEY_UILaunchScreen_Generation = YES;
				INFOPLIST_KEY_UIStatusBarStyle = UIStatusBarStyleDarkContent;
				INFOPLIST_KEY_UISupportedInterfaceOrientations = UIInterfaceOrientationPortrait;
				LD_RUNPATH_SEARCH_PATHS = (
					"$(inherited)",
					"@executable_path/Frameworks",
				);
				MARKETING_VERSION = 1.0;
				ONLY_ACTIVE_ARCH = NO;
				PRODUCT_BUNDLE_IDENTIFIER = vn.htk.sample.HTKApp;
				PRODUCT_NAME = "$(TARGET_NAME)";
				SWIFT_EMIT_LOC_STRINGS = YES;
				SWIFT_VERSION = 5.0;
				TARGETED_DEVICE_FAMILY = "1,2";
			};
			name = Debug;
		};
		317C73FF2A1C697F00734729 /* Release */ = {
			isa = XCBuildConfiguration;
			buildSettings = {
				ASSETCATALOG_COMPILER_APPICON_NAME = AppIcon;
				ASSETCATALOG_COMPILER_GLOBAL_ACCENT_COLOR_NAME = AccentColor;
				CODE_SIGN_STYLE = Automatic;
				CURRENT_PROJECT_VERSION = 1;
				DEVELOPMENT_ASSET_PATHS = "\"HTKLoanCalculator/Preview Content\"";
				ENABLE_PREVIEWS = YES;
				GENERATE_INFOPLIST_FILE = YES;
				INFOPLIST_KEY_CFBundleDisplayName = "HTK App";
				INFOPLIST_KEY_UIApplicationSceneManifest_Generation = YES;
				INFOPLIST_KEY_UIApplicationSupportsIndirectInputEvents = YES;
				INFOPLIST_KEY_UILaunchScreen_Generation = YES;
				INFOPLIST_KEY_UIStatusBarStyle = UIStatusBarStyleDarkContent;
				INFOPLIST_KEY_UISupportedInterfaceOrientations = UIInterfaceOrientationPortrait;
				LD_RUNPATH_SEARCH_PATHS = (
					"$(inherited)",
					"@executable_path/Frameworks",
				);
				MARKETING_VERSION = 1.0;
				PRODUCT_BUNDLE_IDENTIFIER = vn.htk.sample.HTKApp;
				PRODUCT_NAME = "$(TARGET_NAME)";
				SWIFT_EMIT_LOC_STRINGS = YES;
				SWIFT_VERSION = 5.0;
				TARGETED_DEVICE_FAMILY = "1,2";
			};
			name = Release;
		};
		317C74012A1C697F00734729 /* Debug */ = {
			isa = XCBuildConfiguration;
			buildSettings = {
				ALWAYS_EMBED_SWIFT_STANDARD_LIBRARIES = YES;
				BUNDLE_LOADER = "$(TEST_HOST)";
				CODE_SIGN_STYLE = Automatic;
				CURRENT_PROJECT_VERSION = 1;
				GENERATE_INFOPLIST_FILE = YES;
				IPHONEOS_DEPLOYMENT_TARGET = 16.2;
				MARKETING_VERSION = 1.0;
				PRODUCT_BUNDLE_IDENTIFIER = vn.htk.sample.HTKLoanCalculatorTests;
				PRODUCT_NAME = "$(TARGET_NAME)";
				SWIFT_EMIT_LOC_STRINGS = NO;
				SWIFT_VERSION = 5.0;
				TARGETED_DEVICE_FAMILY = "1,2";
				TEST_HOST = "$(BUILT_PRODUCTS_DIR)/HTKLoanCalculator.app/$(BUNDLE_EXECUTABLE_FOLDER_PATH)/HTKLoanCalculator";
			};
			name = Debug;
		};
		317C74022A1C697F00734729 /* Release */ = {
			isa = XCBuildConfiguration;
			buildSettings = {
				ALWAYS_EMBED_SWIFT_STANDARD_LIBRARIES = YES;
				BUNDLE_LOADER = "$(TEST_HOST)";
				CODE_SIGN_STYLE = Automatic;
				CURRENT_PROJECT_VERSION = 1;
				GENERATE_INFOPLIST_FILE = YES;
				IPHONEOS_DEPLOYMENT_TARGET = 16.2;
				MARKETING_VERSION = 1.0;
				PRODUCT_BUNDLE_IDENTIFIER = vn.htk.sample.HTKLoanCalculatorTests;
				PRODUCT_NAME = "$(TARGET_NAME)";
				SWIFT_EMIT_LOC_STRINGS = NO;
				SWIFT_VERSION = 5.0;
				TARGETED_DEVICE_FAMILY = "1,2";
				TEST_HOST = "$(BUILT_PRODUCTS_DIR)/HTKLoanCalculator.app/$(BUNDLE_EXECUTABLE_FOLDER_PATH)/HTKLoanCalculator";
			};
			name = Release;
		};
		317C74042A1C697F00734729 /* Debug */ = {
			isa = XCBuildConfiguration;
			buildSettings = {
				ALWAYS_EMBED_SWIFT_STANDARD_LIBRARIES = YES;
				CODE_SIGN_STYLE = Automatic;
				CURRENT_PROJECT_VERSION = 1;
				GENERATE_INFOPLIST_FILE = YES;
				MARKETING_VERSION = 1.0;
				PRODUCT_BUNDLE_IDENTIFIER = vn.htk.sample.HTKLoanCalculatorUITests;
				PRODUCT_NAME = "$(TARGET_NAME)";
				SWIFT_EMIT_LOC_STRINGS = NO;
				SWIFT_VERSION = 5.0;
				TARGETED_DEVICE_FAMILY = "1,2";
				TEST_TARGET_NAME = HTKLoanCalculator;
			};
			name = Debug;
		};
		317C74052A1C697F00734729 /* Release */ = {
			isa = XCBuildConfiguration;
			buildSettings = {
				ALWAYS_EMBED_SWIFT_STANDARD_LIBRARIES = YES;
				CODE_SIGN_STYLE = Automatic;
				CURRENT_PROJECT_VERSION = 1;
				GENERATE_INFOPLIST_FILE = YES;
				MARKETING_VERSION = 1.0;
				PRODUCT_BUNDLE_IDENTIFIER = vn.htk.sample.HTKLoanCalculatorUITests;
				PRODUCT_NAME = "$(TARGET_NAME)";
				SWIFT_EMIT_LOC_STRINGS = NO;
				SWIFT_VERSION = 5.0;
				TARGETED_DEVICE_FAMILY = "1,2";
				TEST_TARGET_NAME = HTKLoanCalculator;
			};
			name = Release;
		};
		31D3B6842A31BFA200FC4FF7 /* Debug */ = {
			isa = XCBuildConfiguration;
			buildSettings = {
				ASSETCATALOG_COMPILER_APPICON_NAME = AppIcon;
				ASSETCATALOG_COMPILER_GLOBAL_ACCENT_COLOR_NAME = AccentColor;
				CODE_SIGN_STYLE = Manual;
				CURRENT_PROJECT_VERSION = 1;
				DEVELOPMENT_ASSET_PATHS = "\"vn.htk.watchapp Watch App/Preview Content\"";
				DEVELOPMENT_TEAM = "";
				ENABLE_PREVIEWS = YES;
				EXCLUDED_ARCHS = "";
				GENERATE_INFOPLIST_FILE = YES;
				INFOPLIST_KEY_CFBundleDisplayName = vn.htk.watchapp;
				INFOPLIST_KEY_UISupportedInterfaceOrientations = "UIInterfaceOrientationPortrait UIInterfaceOrientationPortraitUpsideDown";
				INFOPLIST_KEY_WKCompanionAppBundleIdentifier = "";
				LD_RUNPATH_SEARCH_PATHS = (
					"$(inherited)",
					"@executable_path/Frameworks",
				);
				MARKETING_VERSION = 1.0;
				PRODUCT_BUNDLE_IDENTIFIER = .watchkitapp;
				PRODUCT_NAME = "$(TARGET_NAME)";
				PROVISIONING_PROFILE_SPECIFIER = "";
				SDKROOT = watchos;
				SKIP_INSTALL = YES;
				SWIFT_EMIT_LOC_STRINGS = YES;
				SWIFT_VERSION = 5.0;
				TARGETED_DEVICE_FAMILY = 4;
				WATCHOS_DEPLOYMENT_TARGET = 9.1;
			};
			name = Debug;
		};
		31D3B6852A31BFA200FC4FF7 /* Release */ = {
			isa = XCBuildConfiguration;
			buildSettings = {
				ASSETCATALOG_COMPILER_APPICON_NAME = AppIcon;
				ASSETCATALOG_COMPILER_GLOBAL_ACCENT_COLOR_NAME = AccentColor;
				CODE_SIGN_STYLE = Manual;
				CURRENT_PROJECT_VERSION = 1;
				DEVELOPMENT_ASSET_PATHS = "\"vn.htk.watchapp Watch App/Preview Content\"";
				DEVELOPMENT_TEAM = "";
				ENABLE_PREVIEWS = YES;
				GENERATE_INFOPLIST_FILE = YES;
				INFOPLIST_KEY_CFBundleDisplayName = vn.htk.watchapp;
				INFOPLIST_KEY_UISupportedInterfaceOrientations = "UIInterfaceOrientationPortrait UIInterfaceOrientationPortraitUpsideDown";
				INFOPLIST_KEY_WKCompanionAppBundleIdentifier = "";
				LD_RUNPATH_SEARCH_PATHS = (
					"$(inherited)",
					"@executable_path/Frameworks",
				);
				MARKETING_VERSION = 1.0;
				PRODUCT_BUNDLE_IDENTIFIER = .watchkitapp;
				PRODUCT_NAME = "$(TARGET_NAME)";
				PROVISIONING_PROFILE_SPECIFIER = "";
				SDKROOT = watchos;
				SKIP_INSTALL = YES;
				SWIFT_EMIT_LOC_STRINGS = YES;
				SWIFT_VERSION = 5.0;
				TARGETED_DEVICE_FAMILY = 4;
				WATCHOS_DEPLOYMENT_TARGET = 9.1;
			};
			name = Release;
		};
/* End XCBuildConfiguration section */

/* Begin XCConfigurationList section */
		317C73CE2A1C696D00734729 /* Build configuration list for PBXProject "HTKLoanCalculator" */ = {
			isa = XCConfigurationList;
			buildConfigurations = (
				317C73FB2A1C697F00734729 /* Debug */,
				317C73FC2A1C697F00734729 /* Release */,
			);
			defaultConfigurationIsVisible = 0;
			defaultConfigurationName = Release;
		};
		317C73FD2A1C697F00734729 /* Build configuration list for PBXNativeTarget "HTKLoanCalculator" */ = {
			isa = XCConfigurationList;
			buildConfigurations = (
				317C73FE2A1C697F00734729 /* Debug */,
				317C73FF2A1C697F00734729 /* Release */,
			);
			defaultConfigurationIsVisible = 0;
			defaultConfigurationName = Release;
		};
		317C74002A1C697F00734729 /* Build configuration list for PBXNativeTarget "HTKLoanCalculatorTests" */ = {
			isa = XCConfigurationList;
			buildConfigurations = (
				317C74012A1C697F00734729 /* Debug */,
				317C74022A1C697F00734729 /* Release */,
			);
			defaultConfigurationIsVisible = 0;
			defaultConfigurationName = Release;
		};
		317C74032A1C697F00734729 /* Build configuration list for PBXNativeTarget "HTKLoanCalculatorUITests" */ = {
			isa = XCConfigurationList;
			buildConfigurations = (
				317C74042A1C697F00734729 /* Debug */,
				317C74052A1C697F00734729 /* Release */,
			);
			defaultConfigurationIsVisible = 0;
			defaultConfigurationName = Release;
		};
		31D3B6832A31BFA200FC4FF7 /* Build configuration list for PBXNativeTarget "vn.htk.watchapp Watch App" */ = {
			isa = XCConfigurationList;
			buildConfigurations = (
				31D3B6842A31BFA200FC4FF7 /* Debug */,
				31D3B6852A31BFA200FC4FF7 /* Release */,
			);
			defaultConfigurationIsVisible = 0;
			defaultConfigurationName = Release;
		};
/* End XCConfigurationList section */

/* Begin XCVersionGroup section */
		317C73E12A1C697E00734729 /* HTKLoanCalculator.xcdatamodeld */ = {
			isa = XCVersionGroup;
			children = (
				317C73E22A1C697E00734729 /* HTKLoanCalculator.xcdatamodel */,
			);
			currentVersion = 317C73E22A1C697E00734729 /* HTKLoanCalculator.xcdatamodel */;
			path = HTKLoanCalculator.xcdatamodeld;
			sourceTree = "<group>";
			versionGroupType = wrapper.xcdatamodel;
		};
/* End XCVersionGroup section */
	};
	rootObject = 317C73CB2A1C696D00734729 /* Project object */;
}
